
Microsoft Visual Studio Solution File, Format Version 12.00
# Visual Studio Version 17
VisualStudioVersion = 17.8.34322.80
MinimumVisualStudioVersion = 10.0.40219.1
Project("{9A19103F-16F7-4668-BE54-9A1E7A4F7556}") = "SynapseDocumentsAPI", "SynapseDocumentsAPI\SynapseDocumentsAPI.csproj", "{D2F19F5C-22E0-483D-B590-60282844DC10}"
EndProject
Global
	GlobalSection(SolutionConfigurationPlatforms) = preSolution
		Debug|Any CPU = Debug|Any CPU
		Release|Any CPU = Release|Any CPU
	EndGlobalSection
	GlobalSection(ProjectConfigurationPlatforms) = postSolution
		{D2F19F5C-22E0-483D-B590-60282844DC10}.Debug|Any CPU.ActiveCfg = Debug|Any CPU
		{D2F19F5C-22E0-483D-B590-60282844DC10}.Debug|Any CPU.Build.0 = Debug|Any CPU
		{D2F19F5C-22E0-483D-B590-60282844DC10}.Release|Any CPU.ActiveCfg = Release|Any CPU
		{D2F19F5C-22E0-483D-B590-60282844DC10}.Release|Any CPU.Build.0 = Release|Any CPU
	EndGlobalSection
	GlobalSection(SolutionProperties) = preSolution
		HideSolutionNode = FALSE
	EndGlobalSection
	GlobalSection(ExtensibilityGlobals) = postSolution
		SolutionGuid = {2B3F22C2-E5E0-474F-A937-8AD31FF4C4F5}
	EndGlobalSection
EndGlobal
